<?xml version="1.0" encoding="utf-8"?>
<Project ToolsVersion="4.0" xmlns="http://schemas.microsoft.com/developer/msbuild/2003">
  <ItemGroup>
    <Filter Include="Source">
      <UniqueIdentifier>{4FC737F1-C7A5-4376-A066-2A32D752A2FF}</UniqueIdentifier>
      <Extensions>cpp;c;cc;cxx;def;odl;idl;hpj;bat;asm;asmx</Extensions>
    </Filter>
    <Filter Include="Resource">
      <UniqueIdentifier>{67DA6AB6-F800-4c08-8B7A-83BB121AAD01}</UniqueIdentifier>
      <Extensions>rc;ico;cur;bmp;dlg;rc2;rct;bin;rgs;gif;jpg;jpeg;jpe;resx;tiff;tif;png;wav;mfcribbon-ms</Extensions>
    </Filter>
    <Filter Include="Release">
      <UniqueIdentifier>{9a109fa6-ed29-4ebb-9425-1290ad30c7d3}</UniqueIdentifier>
    </Filter>
    <Filter Include="HiLib">
      <UniqueIdentifier>{c6942a78-1403-4102-8191-0fb8df8ae76d}</UniqueIdentifier>
    </Filter>
  </ItemGroup>
  <ItemGroup>
    <Text Include="ReadMe.txt" />
  </ItemGroup>
  <ItemGroup>
    <ClInclude Include="stdafx.h">
      <Filter>Source</Filter>
    </ClInclude>
    <ClInclude Include="targetver.h">
      <Filter>Source</Filter>
    </ClInclude>
    <ClInclude Include="XYZViewer.h">
      <Filter>Source</Filter>
    </ClInclude>
    <ClInclude Include="..\HiLib\XYZVWnd.h">
      <Filter>HiLib</Filter>
    </ClInclude>
    <ClInclude Include="..\HiLib\Vertex.h">
      <Filter>HiLib</Filter>
    </ClInclude>
    <ClInclude Include="..\HiLib\UpdateResource.h">
      <Filter>HiLib</Filter>
    </ClInclude>
    <ClInclude Include="..\HiLib\UpdateDialog.h">
      <Filter>HiLib</Filter>
    </ClInclude>
    <ClInclude Include="..\HiLib\UnDoReDoManager.h">
      <Filter>HiLib</Filter>
    </ClInclude>
    <ClInclude Include="..\HiLib\UIElement.h">
      <Filter>HiLib</Filter>
    </ClInclude>
    <ClInclude Include="..\HiLib\Tracker.h">
      <Filter>HiLib</Filter>
    </ClInclude>
    <ClInclude Include="..\HiLib\TextCell.h">
      <Filter>HiLib</Filter>
    </ClInclude>
    <ClInclude Include="..\HiLib\SheetState.h">
      <Filter>HiLib</Filter>
    </ClInclude>
    <ClInclude Include="..\HiLib\SheetEventArgs.h">
      <Filter>HiLib</Filter>
    </ClInclude>
    <ClInclude Include="..\HiLib\SheetEnums.h">
      <Filter>HiLib</Filter>
    </ClInclude>
    <ClInclude Include="..\HiLib\SheetDictionary.h">
      <Filter>HiLib</Filter>
    </ClInclude>
    <ClInclude Include="..\HiLib\SheetCellResource.h">
      <Filter>HiLib</Filter>
    </ClInclude>
    <ClInclude Include="..\HiLib\SheetCell.h">
      <Filter>HiLib</Filter>
    </ClInclude>
    <ClInclude Include="..\HiLib\Sheet_WArchive.h">
      <Filter>HiLib</Filter>
    </ClInclude>
    <ClInclude Include="..\HiLib\Sheet.h">
      <Filter>HiLib</Filter>
    </ClInclude>
    <ClInclude Include="..\HiLib\SeriesProperty.h">
      <Filter>HiLib</Filter>
    </ClInclude>
    <ClInclude Include="..\HiLib\Series.h">
      <Filter>HiLib</Filter>
    </ClInclude>
    <ClInclude Include="..\HiLib\SEHException.h">
      <Filter>HiLib</Filter>
    </ClInclude>
    <ClInclude Include="..\HiLib\RowColumn.h">
      <Filter>HiLib</Filter>
    </ClInclude>
    <ClInclude Include="..\HiLib\Row.h">
      <Filter>HiLib</Filter>
    </ClInclude>
    <ClInclude Include="..\HiLib\resource.h">
      <Filter>HiLib</Filter>
    </ClInclude>
    <ClInclude Include="..\HiLib\ResizeDlg.h">
      <Filter>HiLib</Filter>
    </ClInclude>
    <ClInclude Include="..\HiLib\PropertyWnd.h">
      <Filter>HiLib</Filter>
    </ClInclude>
    <ClInclude Include="..\HiLib\PropertySheetCell.h">
      <Filter>HiLib</Filter>
    </ClInclude>
    <ClInclude Include="..\HiLib\PropertySerializer.h">
      <Filter>HiLib</Filter>
    </ClInclude>
    <ClInclude Include="..\HiLib\PropertyNameCell.h">
      <Filter>HiLib</Filter>
    </ClInclude>
    <ClInclude Include="..\HiLib\PropertyGridView.h">
      <Filter>HiLib</Filter>
    </ClInclude>
    <ClInclude Include="..\HiLib\PropertyColumn.h">
      <Filter>HiLib</Filter>
    </ClInclude>
    <ClInclude Include="..\HiLib\ParentRowHeaderColumn.h">
      <Filter>HiLib</Filter>
    </ClInclude>
    <ClInclude Include="..\HiLib\ParentRowHeaderCell.h">
      <Filter>HiLib</Filter>
    </ClInclude>
    <ClInclude Include="..\HiLib\ParentMapColumn.h">
      <Filter>HiLib</Filter>
    </ClInclude>
    <ClInclude Include="..\HiLib\ParentHeaderCell.h">
      <Filter>HiLib</Filter>
    </ClInclude>
    <ClInclude Include="..\HiLib\ParentDefaultColumn.h">
      <Filter>HiLib</Filter>
    </ClInclude>
    <ClInclude Include="..\HiLib\ParentColumnNameHeaderCell.h">
      <Filter>HiLib</Filter>
    </ClInclude>
    <ClInclude Include="..\HiLib\ParentColumnHeaderHeaderCell.h">
      <Filter>HiLib</Filter>
    </ClInclude>
    <ClInclude Include="..\HiLib\ParentColumnHeaderCell.h">
      <Filter>HiLib</Filter>
    </ClInclude>
    <ClInclude Include="..\HiLib\Operation.h">
      <Filter>HiLib</Filter>
    </ClInclude>
    <ClInclude Include="..\HiLib\OGLWindowRenderer.h">
      <Filter>HiLib</Filter>
    </ClInclude>
    <ClInclude Include="..\HiLib\OGLUIElement.h">
      <Filter>HiLib</Filter>
    </ClInclude>
    <ClInclude Include="..\HiLib\OGLSeries.h">
      <Filter>HiLib</Filter>
    </ClInclude>
    <ClInclude Include="..\HiLib\OGLRenderer.h">
      <Filter>HiLib</Filter>
    </ClInclude>
    <ClInclude Include="..\HiLib\OGLHelper.h">
      <Filter>HiLib</Filter>
    </ClInclude>
    <ClInclude Include="..\HiLib\OGLFont.h">
      <Filter>HiLib</Filter>
    </ClInclude>
    <ClInclude Include="..\HiLib\OGLEventArgs.h">
      <Filter>HiLib</Filter>
    </ClInclude>
    <ClInclude Include="..\HiLib\OGLChartWnd.h">
      <Filter>HiLib</Filter>
    </ClInclude>
    <ClInclude Include="..\HiLib\OGLChart.h">
      <Filter>HiLib</Filter>
    </ClInclude>
    <ClInclude Include="..\HiLib\OGLBitmapRenderer.h">
      <Filter>HiLib</Filter>
    </ClInclude>
    <ClInclude Include="..\HiLib\OGLAxis.h">
      <Filter>HiLib</Filter>
    </ClInclude>
    <ClInclude Include="..\HiLib\ObservableContainer.h">
      <Filter>HiLib</Filter>
    </ClInclude>
    <ClInclude Include="..\HiLib\MyXMLSerializer.h">
      <Filter>HiLib</Filter>
    </ClInclude>
    <ClInclude Include="..\HiLib\MyWnd.h">
      <Filter>HiLib</Filter>
    </ClInclude>
    <ClInclude Include="..\HiLib\MyWin32.h">
      <Filter>HiLib</Filter>
    </ClInclude>
    <ClInclude Include="..\HiLib\MyUniqueHandle.h">
      <Filter>HiLib</Filter>
    </ClInclude>
    <ClInclude Include="..\HiLib\MyString.h">
      <Filter>HiLib</Filter>
    </ClInclude>
    <ClInclude Include="..\HiLib\MyStopwatch.h">
      <Filter>HiLib</Filter>
    </ClInclude>
    <ClInclude Include="..\HiLib\MySize.h">
      <Filter>HiLib</Filter>
    </ClInclude>
    <ClInclude Include="..\HiLib\MySerializer.h">
      <Filter>HiLib</Filter>
    </ClInclude>
    <ClInclude Include="..\HiLib\MyRgn.h">
      <Filter>HiLib</Filter>
    </ClInclude>
    <ClInclude Include="..\HiLib\MyRect.h">
      <Filter>HiLib</Filter>
    </ClInclude>
    <ClInclude Include="..\HiLib\MyPrerocessor.h">
      <Filter>HiLib</Filter>
    </ClInclude>
    <ClInclude Include="..\HiLib\MyPoint.h">
      <Filter>HiLib</Filter>
    </ClInclude>
    <ClInclude Include="..\HiLib\MyPen.h">
      <Filter>HiLib</Filter>
    </ClInclude>
    <ClInclude Include="..\HiLib\MyMPL.h">
      <Filter>HiLib</Filter>
    </ClInclude>
    <ClInclude Include="..\HiLib\MyMenu.h">
      <Filter>HiLib</Filter>
    </ClInclude>
    <ClInclude Include="..\HiLib\MyInternet.h">
      <Filter>HiLib</Filter>
    </ClInclude>
    <ClInclude Include="..\HiLib\MyGdiplusHelper.h">
      <Filter>HiLib</Filter>
    </ClInclude>
    <ClInclude Include="..\HiLib\MyGdiObj.h">
      <Filter>HiLib</Filter>
    </ClInclude>
    <ClInclude Include="..\HiLib\MyFriendSerializer.h">
      <Filter>HiLib</Filter>
    </ClInclude>
    <ClInclude Include="..\HiLib\MyFont.h">
      <Filter>HiLib</Filter>
    </ClInclude>
    <ClInclude Include="..\HiLib\MyFile.h">
      <Filter>HiLib</Filter>
    </ClInclude>
    <ClInclude Include="..\HiLib\MyDlg.h">
      <Filter>HiLib</Filter>
    </ClInclude>
    <ClInclude Include="..\HiLib\MyDC.h">
      <Filter>HiLib</Filter>
    </ClInclude>
    <ClInclude Include="..\HiLib\MyCom.h">
      <Filter>HiLib</Filter>
    </ClInclude>
    <ClInclude Include="..\HiLib\MyColor.h">
      <Filter>HiLib</Filter>
    </ClInclude>
    <ClInclude Include="..\HiLib\MyClipboard.h">
      <Filter>HiLib</Filter>
    </ClInclude>
    <ClInclude Include="..\HiLib\MyBrush.h">
      <Filter>HiLib</Filter>
    </ClInclude>
    <ClInclude Include="..\HiLib\MyAutoUpdater.h">
      <Filter>HiLib</Filter>
    </ClInclude>
    <ClInclude Include="..\HiLib\MessageTimer.h">
      <Filter>HiLib</Filter>
    </ClInclude>
    <ClInclude Include="..\HiLib\MenuItem.h">
      <Filter>HiLib</Filter>
    </ClInclude>
    <ClInclude Include="..\HiLib\KonamiResource.h">
      <Filter>HiLib</Filter>
    </ClInclude>
    <ClInclude Include="..\HiLib\KonamiCommander.h">
      <Filter>HiLib</Filter>
    </ClInclude>
    <ClInclude Include="..\HiLib\InplaceEdit.h">
      <Filter>HiLib</Filter>
    </ClInclude>
    <ClInclude Include="..\HiLib\IMouseObserver.h">
      <Filter>HiLib</Filter>
    </ClInclude>
    <ClInclude Include="..\HiLib\IKeyObserver.h">
      <Filter>HiLib</Filter>
    </ClInclude>
    <ClInclude Include="..\HiLib\IDoCommand.h">
      <Filter>HiLib</Filter>
    </ClInclude>
    <ClInclude Include="..\HiLib\HeaderCell.h">
      <Filter>HiLib</Filter>
    </ClInclude>
    <ClInclude Include="..\HiLib\GridViewResource.h">
      <Filter>HiLib</Filter>
    </ClInclude>
    <ClInclude Include="..\HiLib\GridViewProperty.h">
      <Filter>HiLib</Filter>
    </ClInclude>
    <ClInclude Include="..\HiLib\GridView.h">
      <Filter>HiLib</Filter>
    </ClInclude>
    <ClInclude Include="..\HiLib\GDIUIElement.h">
      <Filter>HiLib</Filter>
    </ClInclude>
    <ClInclude Include="..\HiLib\FunctionMenuItem.h">
      <Filter>HiLib</Filter>
    </ClInclude>
    <ClInclude Include="..\HiLib\FullCommand.h">
      <Filter>HiLib</Filter>
    </ClInclude>
    <ClInclude Include="..\HiLib\FontCell.h">
      <Filter>HiLib</Filter>
    </ClInclude>
    <ClInclude Include="..\HiLib\FindDlgResource.h">
      <Filter>HiLib</Filter>
    </ClInclude>
    <ClInclude Include="..\HiLib\FindDlg.h">
      <Filter>HiLib</Filter>
    </ClInclude>
    <ClInclude Include="..\HiLib\FilterCell.h">
      <Filter>HiLib</Filter>
    </ClInclude>
    <ClInclude Include="..\HiLib\FileDragger.h">
      <Filter>HiLib</Filter>
    </ClInclude>
    <ClInclude Include="..\HiLib\EventArgs.h">
      <Filter>HiLib</Filter>
    </ClInclude>
    <ClInclude Include="..\HiLib\EmptyCell.h">
      <Filter>HiLib</Filter>
    </ClInclude>
    <ClInclude Include="..\HiLib\Dragger.h">
      <Filter>HiLib</Filter>
    </ClInclude>
    <ClInclude Include="..\HiLib\Cursorer.h">
      <Filter>HiLib</Filter>
    </ClInclude>
    <ClInclude Include="..\HiLib\ConsoleTimer.h">
      <Filter>HiLib</Filter>
    </ClInclude>
    <ClInclude Include="..\HiLib\CompareColumnHeaderCell.h">
      <Filter>HiLib</Filter>
    </ClInclude>
    <ClInclude Include="..\HiLib\CompareColumn.h">
      <Filter>HiLib</Filter>
    </ClInclude>
    <ClInclude Include="..\HiLib\CompareCell.h">
      <Filter>HiLib</Filter>
    </ClInclude>
    <ClInclude Include="..\HiLib\Column.h">
      <Filter>HiLib</Filter>
    </ClInclude>
    <ClInclude Include="..\HiLib\ColorCell.h">
      <Filter>HiLib</Filter>
    </ClInclude>
    <ClInclude Include="..\HiLib\ChildRowHeaderColumn.h">
      <Filter>HiLib</Filter>
    </ClInclude>
    <ClInclude Include="..\HiLib\ChildRowHeaderCell.h">
      <Filter>HiLib</Filter>
    </ClInclude>
    <ClInclude Include="..\HiLib\ChildIndexColumn.h">
      <Filter>HiLib</Filter>
    </ClInclude>
    <ClInclude Include="..\HiLib\ChildHeaderCell.h">
      <Filter>HiLib</Filter>
    </ClInclude>
    <ClInclude Include="..\HiLib\ChildColumnHeaderCell.h">
      <Filter>HiLib</Filter>
    </ClInclude>
    <ClInclude Include="..\HiLib\ChartWnd.h">
      <Filter>HiLib</Filter>
    </ClInclude>
    <ClInclude Include="..\HiLib\ChartProperty.h">
      <Filter>HiLib</Filter>
    </ClInclude>
    <ClInclude Include="..\HiLib\ChartEventArgs.h">
      <Filter>HiLib</Filter>
    </ClInclude>
    <ClInclude Include="..\HiLib\ChartElements.h">
      <Filter>HiLib</Filter>
    </ClInclude>
    <ClInclude Include="..\HiLib\Chart.h">
      <Filter>HiLib</Filter>
    </ClInclude>
    <ClInclude Include="..\HiLib\CExpandCollapseCell.h">
      <Filter>HiLib</Filter>
    </ClInclude>
    <ClInclude Include="..\HiLib\CellStringCommand.h">
      <Filter>HiLib</Filter>
    </ClInclude>
    <ClInclude Include="..\HiLib\CellState.h">
      <Filter>HiLib</Filter>
    </ClInclude>
    <ClInclude Include="..\HiLib\CellProperty.h">
      <Filter>HiLib</Filter>
    </ClInclude>
    <ClInclude Include="..\HiLib\Cell.h">
      <Filter>HiLib</Filter>
    </ClInclude>
    <ClInclude Include="..\HiLib\CDataString.h">
      <Filter>HiLib</Filter>
    </ClInclude>
    <ClInclude Include="..\HiLib\ButtonState.h">
      <Filter>HiLib</Filter>
    </ClInclude>
    <ClInclude Include="..\HiLib\BoolCell.h">
      <Filter>HiLib</Filter>
    </ClInclude>
    <ClInclude Include="..\HiLib\BindRow.h">
      <Filter>HiLib</Filter>
    </ClInclude>
    <ClInclude Include="..\HiLib\BindPaintColumn.h">
      <Filter>HiLib</Filter>
    </ClInclude>
    <ClInclude Include="..\HiLib\BindPaintCell.h">
      <Filter>HiLib</Filter>
    </ClInclude>
    <ClInclude Include="..\HiLib\BindColumn.h">
      <Filter>HiLib</Filter>
    </ClInclude>
    <ClInclude Include="..\HiLib\BindCell.h">
      <Filter>HiLib</Filter>
    </ClInclude>
    <ClInclude Include="..\HiLib\Band.h">
      <Filter>HiLib</Filter>
    </ClInclude>
    <ClInclude Include="..\HiLib\atlpartial.h">
      <Filter>HiLib</Filter>
    </ClInclude>
    <ClInclude Include="..\HiLib\ApplicationProperty.h">
      <Filter>HiLib</Filter>
    </ClInclude>
    <ClInclude Include="..\HiLib\3DLineChartResource.h">
      <Filter>HiLib</Filter>
    </ClInclude>
    <ClInclude Include="..\HiLib\3DLineChart.h">
      <Filter>HiLib</Filter>
    </ClInclude>
  </ItemGroup>
  <ItemGroup>
    <ClCompile Include="stdafx.cpp">
      <Filter>Source</Filter>
    </ClCompile>
    <ClCompile Include="XYZViewer.cpp">
      <Filter>Source</Filter>
    </ClCompile>
    <ClCompile Include="..\HiLib\XYZVWnd.cpp">
      <Filter>HiLib</Filter>
    </ClCompile>
    <ClCompile Include="..\HiLib\UnDoReDoManager.cpp">
      <Filter>HiLib</Filter>
    </ClCompile>
    <ClCompile Include="..\HiLib\UIElement.cpp">
      <Filter>HiLib</Filter>
    </ClCompile>
    <ClCompile Include="..\HiLib\Tracker.cpp">
      <Filter>HiLib</Filter>
    </ClCompile>
    <ClCompile Include="..\HiLib\TextCell.cpp">
      <Filter>HiLib</Filter>
    </ClCompile>
    <ClCompile Include="..\HiLib\SheetState.cpp">
      <Filter>HiLib</Filter>
    </ClCompile>
    <ClCompile Include="..\HiLib\SheetDictionary.cpp">
      <Filter>HiLib</Filter>
    </ClCompile>
    <ClCompile Include="..\HiLib\SheetCell.cpp">
      <Filter>HiLib</Filter>
    </ClCompile>
    <ClCompile Include="..\HiLib\Sheet.cpp">
      <Filter>HiLib</Filter>
    </ClCompile>
    <ClCompile Include="..\HiLib\Series.cpp">
      <Filter>HiLib</Filter>
    </ClCompile>
    <ClCompile Include="..\HiLib\SEHException.cpp">
      <Filter>HiLib</Filter>
    </ClCompile>
    <ClCompile Include="..\HiLib\RowColumn.cpp">
      <Filter>HiLib</Filter>
    </ClCompile>
    <ClCompile Include="..\HiLib\Row.cpp">
      <Filter>HiLib</Filter>
    </ClCompile>
    <ClCompile Include="..\HiLib\PropertyGridView.cpp">
      <Filter>HiLib</Filter>
    </ClCompile>
    <ClCompile Include="..\HiLib\PropertyColumn.cpp">
      <Filter>HiLib</Filter>
    </ClCompile>
    <ClCompile Include="..\HiLib\ParentRowHeaderColumn.cpp">
      <Filter>HiLib</Filter>
    </ClCompile>
    <ClCompile Include="..\HiLib\ParentRowHeaderCell.cpp">
      <Filter>HiLib</Filter>
    </ClCompile>
    <ClCompile Include="..\HiLib\ParentMapColumn.cpp">
      <Filter>HiLib</Filter>
    </ClCompile>
    <ClCompile Include="..\HiLib\ParentHeaderCell.cpp">
      <Filter>HiLib</Filter>
    </ClCompile>
    <ClCompile Include="..\HiLib\ParentDefaultColumn.cpp">
      <Filter>HiLib</Filter>
    </ClCompile>
    <ClCompile Include="..\HiLib\ParentColumnNameHeaderCell.cpp">
      <Filter>HiLib</Filter>
    </ClCompile>
    <ClCompile Include="..\HiLib\ParentColumnHeaderHeaderCell.cpp">
      <Filter>HiLib</Filter>
    </ClCompile>
    <ClCompile Include="..\HiLib\ParentColumnHeaderCell.cpp">
      <Filter>HiLib</Filter>
    </ClCompile>
    <ClCompile Include="..\HiLib\OGLWindowRenderer.cpp">
      <Filter>HiLib</Filter>
    </ClCompile>
    <ClCompile Include="..\HiLib\OGLUIElement.cpp">
      <Filter>HiLib</Filter>
    </ClCompile>
    <ClCompile Include="..\HiLib\OGLSeries.cpp">
      <Filter>HiLib</Filter>
    </ClCompile>
    <ClCompile Include="..\HiLib\OGLRenderer.cpp">
      <Filter>HiLib</Filter>
    </ClCompile>
    <ClCompile Include="..\HiLib\OGLChartWnd.cpp">
      <Filter>HiLib</Filter>
    </ClCompile>
    <ClCompile Include="..\HiLib\OGLChart.cpp">
      <Filter>HiLib</Filter>
    </ClCompile>
    <ClCompile Include="..\HiLib\OGLBitmapRenderer.cpp">
      <Filter>HiLib</Filter>
    </ClCompile>
    <ClCompile Include="..\HiLib\OGLAxis.cpp">
      <Filter>HiLib</Filter>
    </ClCompile>
    <ClCompile Include="..\HiLib\MyXMLSerializer.cpp">
      <Filter>HiLib</Filter>
    </ClCompile>
    <ClCompile Include="..\HiLib\MyWnd.cpp">
      <Filter>HiLib</Filter>
    </ClCompile>
    <ClCompile Include="..\HiLib\MyWin32.cpp">
      <Filter>HiLib</Filter>
    </ClCompile>
    <ClCompile Include="..\HiLib\MyString.cpp">
      <Filter>HiLib</Filter>
    </ClCompile>
    <ClCompile Include="..\HiLib\MyPen.cpp">
      <Filter>HiLib</Filter>
    </ClCompile>
    <ClCompile Include="..\HiLib\MyInternet.cpp">
      <Filter>HiLib</Filter>
    </ClCompile>
    <ClCompile Include="..\HiLib\MyGdiplusHelper.cpp">
      <Filter>HiLib</Filter>
    </ClCompile>
    <ClCompile Include="..\HiLib\MyFile.cpp">
      <Filter>HiLib</Filter>
    </ClCompile>
    <ClCompile Include="..\HiLib\MyDlg.cpp">
      <Filter>HiLib</Filter>
    </ClCompile>
    <ClCompile Include="..\HiLib\MyDC.cpp">
      <Filter>HiLib</Filter>
    </ClCompile>
    <ClCompile Include="..\HiLib\MyColor.cpp">
      <Filter>HiLib</Filter>
    </ClCompile>
    <ClCompile Include="..\HiLib\MyAutoUpdater.cpp">
      <Filter>HiLib</Filter>
    </ClCompile>
    <ClCompile Include="..\HiLib\KonamiCommander.cpp">
      <Filter>HiLib</Filter>
    </ClCompile>
    <ClCompile Include="..\HiLib\InplaceEdit.cpp">
      <Filter>HiLib</Filter>
    </ClCompile>
    <ClCompile Include="..\HiLib\GridViewProperty.cpp">
      <Filter>HiLib</Filter>
    </ClCompile>
    <ClCompile Include="..\HiLib\GridView.cpp">
      <Filter>HiLib</Filter>
    </ClCompile>
    <ClCompile Include="..\HiLib\GDIUIElement.cpp">
      <Filter>HiLib</Filter>
    </ClCompile>
    <ClCompile Include="..\HiLib\FullCommand.cpp">
      <Filter>HiLib</Filter>
    </ClCompile>
    <ClCompile Include="..\HiLib\FontCell.cpp">
      <Filter>HiLib</Filter>
    </ClCompile>
    <ClCompile Include="..\HiLib\FilterCell.cpp">
      <Filter>HiLib</Filter>
    </ClCompile>
    <ClCompile Include="..\HiLib\EmptyCell.cpp">
      <Filter>HiLib</Filter>
    </ClCompile>
    <ClCompile Include="..\HiLib\Dragger.cpp">
      <Filter>HiLib</Filter>
    </ClCompile>
    <ClCompile Include="..\HiLib\Cursorer.cpp">
      <Filter>HiLib</Filter>
    </ClCompile>
    <ClCompile Include="..\HiLib\CompareColumn.cpp">
      <Filter>HiLib</Filter>
    </ClCompile>
    <ClCompile Include="..\HiLib\CompareCell.cpp">
      <Filter>HiLib</Filter>
    </ClCompile>
    <ClCompile Include="..\HiLib\Column.cpp">
      <Filter>HiLib</Filter>
    </ClCompile>
    <ClCompile Include="..\HiLib\ColorCell.cpp">
      <Filter>HiLib</Filter>
    </ClCompile>
    <ClCompile Include="..\HiLib\ChildRowHeaderColumn.cpp">
      <Filter>HiLib</Filter>
    </ClCompile>
    <ClCompile Include="..\HiLib\ChildIndexColumn.cpp">
      <Filter>HiLib</Filter>
    </ClCompile>
    <ClCompile Include="..\HiLib\ChartElements.cpp">
      <Filter>HiLib</Filter>
    </ClCompile>
    <ClCompile Include="..\HiLib\Chart.cpp">
      <Filter>HiLib</Filter>
    </ClCompile>
    <ClCompile Include="..\HiLib\CellStringCommand.cpp">
      <Filter>HiLib</Filter>
    </ClCompile>
    <ClCompile Include="..\HiLib\Cell.cpp">
      <Filter>HiLib</Filter>
    </ClCompile>
    <ClCompile Include="..\HiLib\BoolCell.cpp">
      <Filter>HiLib</Filter>
    </ClCompile>
    <ClCompile Include="..\HiLib\Band.cpp">
      <Filter>HiLib</Filter>
    </ClCompile>
    <ClCompile Include="..\HiLib\3DLineChart.cpp">
      <Filter>HiLib</Filter>
    </ClCompile>
  </ItemGroup>
  <ItemGroup>
    <ResourceCompile Include="XYZViewer.rc">
      <Filter>Resource</Filter>
    </ResourceCompile>
    <ResourceCompile Include="..\HiLib\Update.rc">
      <Filter>HiLib</Filter>
    </ResourceCompile>
    <ResourceCompile Include="..\HiLib\SheetCell.rc">
      <Filter>HiLib</Filter>
    </ResourceCompile>
    <ResourceCompile Include="..\HiLib\Konami.rc">
      <Filter>HiLib</Filter>
    </ResourceCompile>
    <ResourceCompile Include="..\HiLib\FindDlg.rc">
      <Filter>HiLib</Filter>
    </ResourceCompile>
    <ResourceCompile Include="..\HiLib\3DLineChart.rc">
      <Filter>HiLib</Filter>
    </ResourceCompile>
  </ItemGroup>
  <ItemGroup>
    <Image Include="small.ico">
      <Filter>Resource</Filter>
    </Image>
    <Image Include="XYZViewer.ico">
      <Filter>Resource</Filter>
    </Image>
    <Image Include="..\HiLib\3DLineChartOperation.bmp">
      <Filter>HiLib</Filter>
    </Image>
  </ItemGroup>
  <ItemGroup>
    <None Include="..\Release\XYZViewer.exe">
      <Filter>Release</Filter>
    </None>
    <None Include="..\HiLib\msxml6.tli">
      <Filter>HiLib</Filter>
    </None>
    <None Include="..\HiLib\msxml6.tlh">
      <Filter>HiLib</Filter>
    </None>
    <None Include="..\HiLib\Gradius.cur">
      <Filter>HiLib</Filter>
    </None>
  </ItemGroup>
</Project>